
Microsoft Visual Studio Solution File, Format Version 12.00
# Visual Studio Version 17
VisualStudioVersion = 17.14.36221.1 d17.14
MinimumVisualStudioVersion = 10.0.40219.1
Project("{FAE04EC0-301F-11D3-BF4B-00C04F79EFBC}") = "ExcellOnServices", "ExcellOnServices.csproj", "{F5580DA1-CB27-4CFB-A614-D771A26F891D}"
EndProject
Global
	GlobalSection(SolutionConfigurationPlatforms) = preSolution
		Debug|Any CPU = Debug|Any CPU
		Release|Any CPU = Release|Any CPU
	EndGlobalSection
	GlobalSection(ProjectConfigurationPlatforms) = postSolution
		{F5580DA1-CB27-4CFB-A614-D771A26F891D}.Debug|Any CPU.ActiveCfg = Debug|Any CPU
		{F5580DA1-CB27-4CFB-A614-D771A26F891D}.Debug|Any CPU.Build.0 = Debug|Any CPU
		{F5580DA1-CB27-4CFB-A614-D771A26F891D}.Release|Any CPU.ActiveCfg = Release|Any CPU
		{F5580DA1-CB27-4CFB-A614-D771A26F891D}.Release|Any CPU.Build.0 = Release|Any CPU
	EndGlobalSection
	GlobalSection(SolutionProperties) = preSolution
		HideSolutionNode = FALSE
	EndGlobalSection
	GlobalSection(ExtensibilityGlobals) = postSolution
		SolutionGuid = {2B0322E9-4EB8-4C7B-81AD-F5D02FECCBB7}
	EndGlobalSection
EndGlobal
